
Microsoft Visual Studio Solution File, Format Version 12.00
# Visual Studio Version 17
VisualStudioVersion = 17.7.34031.279
MinimumVisualStudioVersion = 10.0.40219.1
Project("{8BC9CEB8-8B4A-11D0-8D11-00A0C91BC942}") = "Ex0101_Swap", "Ex0101_Swap\Ex0101_Swap.vcxproj", "{07BAEE20-FBAA-4B3F-B72F-D42D0C4FCD15}"
EndProject
Project("{8BC9CEB8-8B4A-11D0-8D11-00A0C91BC942}") = "Ex0102_SelectionSort", "Ex0102_SelectionSort\Ex0102_SelectionSort.vcxproj", "{92157883-1DC3-4C43-924F-6F44D8936AE5}"
EndProject
Project("{8BC9CEB8-8B4A-11D0-8D11-00A0C91BC942}") = "Ex0103_BubbleSort", "Ex0103_BubbleSort\Ex0103_BubbleSort.vcxproj", "{199B1A32-3760-4A4F-8ED3-B4DD5C188595}"
EndProject
Project("{8BC9CEB8-8B4A-11D0-8D11-00A0C91BC942}") = "Ex0104_InsertionSort", "Ex0104_InsertionSort\Ex0104_InsertionSort.vcxproj", "{20ACAF7C-B0F7-4284-931B-0DE0718BF25B}"
EndProject
Project("{8BC9CEB8-8B4A-11D0-8D11-00A0C91BC942}") = "Ex0105_SequentialSearch", "Ex0105_SequentialSearch\Ex0105_SequentialSearch.vcxproj", "{6298E432-0A98-46C9-811F-E960851A5FE4}"
EndProject
Project("{8BC9CEB8-8B4A-11D0-8D11-00A0C91BC942}") = "Ex0106_StringCompression", "Ex0106_StringCompression\Ex0106_StringCompression.vcxproj", "{D2E9993F-6063-4B05-AF54-FFD9CEE3A223}"
EndProject
Project("{8BC9CEB8-8B4A-11D0-8D11-00A0C91BC942}") = "Ex0107_BinarySearch", "Ex0107_BinarySearch\Ex0107_BinarySearch.vcxproj", "{D0972058-BE60-4C17-B524-78FD2DD305E7}"
EndProject
Project("{8BC9CEB8-8B4A-11D0-8D11-00A0C91BC942}") = "Ex0108_PerformanceMeasurement", "Ex0108_PerformanceMeasurement\Ex0108_PerformanceMeasurement.vcxproj", "{F3EF97EC-9D5E-45A5-89A6-73BA6F29EB92}"
EndProject
Project("{8BC9CEB8-8B4A-11D0-8D11-00A0C91BC942}") = "Ex0201_Recursion", "Ex0201_Recursion\Ex0201_Recursion.vcxproj", "{A376F875-B3CA-42F3-9168-FBF128F5283E}"
EndProject
Project("{8BC9CEB8-8B4A-11D0-8D11-00A0C91BC942}") = "Ex0202_RecursiveSum", "Ex0202_RecursiveSum\Ex0202_RecursiveSum.vcxproj", "{9A7716D7-484B-497C-A9F7-F052341C2776}"
EndProject
Project("{8BC9CEB8-8B4A-11D0-8D11-00A0C91BC942}") = "Ex0203_Fibonacci", "Ex0203_Fibonacci\Ex0203_Fibonacci.vcxproj", "{EBF1827C-12B8-41C1-BC68-428568909677}"
EndProject
Project("{8BC9CEB8-8B4A-11D0-8D11-00A0C91BC942}") = "Ex0204_RecursiveBinarySearch", "Ex0204_RecursiveBinarySearch\Ex0204_RecursiveBinarySearch.vcxproj", "{0A8D6BBF-A9CB-4918-AB27-D4DFE6C298DA}"
EndProject
Project("{8BC9CEB8-8B4A-11D0-8D11-00A0C91BC942}") = "Ex0205_Permutations", "Ex0205_Permutations\Ex0205_Permutations.vcxproj", "{472563EE-3ACD-45B3-9CA0-F0B218F42C9B}"
EndProject
Project("{8BC9CEB8-8B4A-11D0-8D11-00A0C91BC942}") = "Ex0301_StringAbstractDataType", "Ex0301_StringAbstractDataType\Ex0301_StringAbstractDataType.vcxproj", "{986C2BED-7F98-4B95-9541-1B2C45C44B03}"
EndProject
Project("{8BC9CEB8-8B4A-11D0-8D11-00A0C91BC942}") = "Ex0302_Polynomial", "Ex0302_Polynomial\Ex0302_Polynomial.vcxproj", "{8762EB53-2EF4-49FB-B4BA-F053E40288A5}"
EndProject
Project("{8BC9CEB8-8B4A-11D0-8D11-00A0C91BC942}") = "Ex0303_SparsePolynomial", "Ex0303_SparsePolynomial\Ex0303_SparsePolynomial.vcxproj", "{0C4C1279-7E97-4DE4-A0E3-6030AA16E34F}"
EndProject
Project("{8BC9CEB8-8B4A-11D0-8D11-00A0C91BC942}") = "Ex0304_Matrix", "Ex0304_Matrix\Ex0304_Matrix.vcxproj", "{92A14540-3CFC-45DD-8A88-EEFA281C7F6E}"
EndProject
Project("{8BC9CEB8-8B4A-11D0-8D11-00A0C91BC942}") = "Ex0305_ArrayOfArrays", "Ex0305_ArrayOfArrays\Ex0305_ArrayOfArrays.vcxproj", "{F43E3B93-CBDE-48DA-B040-4A028F563A80}"
EndProject
Project("{8BC9CEB8-8B4A-11D0-8D11-00A0C91BC942}") = "Ex0306_SparseMatrix", "Ex0306_SparseMatrix\Ex0306_SparseMatrix.vcxproj", "{B5645FFB-5817-4F74-9890-B108D218314E}"
EndProject
Project("{2150E333-8FDC-42A3-9474-1A3956D46DE8}") = "Chapter01", "Chapter01", "{3FEA1D3D-564F-47D8-86F9-AD1B2574B686}"
EndProject
Project("{2150E333-8FDC-42A3-9474-1A3956D46DE8}") = "Chapter02", "Chapter02", "{A3A9AF11-02E1-4CB2-B74B-663475C1999B}"
EndProject
Project("{2150E333-8FDC-42A3-9474-1A3956D46DE8}") = "Chapter03", "Chapter03", "{002BFB0D-E05F-4467-A2D7-5F11C7058099}"
EndProject
Project("{2150E333-8FDC-42A3-9474-1A3956D46DE8}") = "Chapter04", "Chapter04", "{ACEB6E73-1A1C-4907-A2DA-7644EF1C6762}"
EndProject
Project("{8BC9CEB8-8B4A-11D0-8D11-00A0C91BC942}") = "Ex0401_Stack", "Ex0401_Stack\Ex0401_Stack.vcxproj", "{F28B81B8-9A87-4E49-8E03-0BE8F0F05897}"
EndProject
Project("{8BC9CEB8-8B4A-11D0-8D11-00A0C91BC942}") = "Ex0402_Maze", "Ex0402_Maze\Ex0402_Maze.vcxproj", "{89167C99-A240-4F9D-A2BB-4CA8A04BBE1D}"
EndProject
Project("{8BC9CEB8-8B4A-11D0-8D11-00A0C91BC942}") = "Ex0403_TowerOfHanoi", "Ex0403_TowerOfHanoi\Ex0403_TowerOfHanoi.vcxproj", "{4A358AE7-E532-4BBC-B755-D27F615F5271}"
EndProject
Project("{2150E333-8FDC-42A3-9474-1A3956D46DE8}") = "Chapter05", "Chapter05", "{76C4FB60-16FD-4EE3-979F-F9193F420B61}"
EndProject
Project("{8BC9CEB8-8B4A-11D0-8D11-00A0C91BC942}") = "Ex0501_Queue", "Ex0501_Queue\Ex0501_Queue.vcxproj", "{B2E272BD-3A19-44F9-98A0-8E9E676A3666}"
EndProject
Project("{8BC9CEB8-8B4A-11D0-8D11-00A0C91BC942}") = "Ex0502_Josephus", "Ex0502_Josephus\Ex0502_Josephus.vcxproj", "{1FA0E377-6E1E-4704-997C-4C18EC90564B}"
EndProject
Project("{8BC9CEB8-8B4A-11D0-8D11-00A0C91BC942}") = "Ex0503_Deque", "Ex0503_Deque\Ex0503_Deque.vcxproj", "{F8DE634E-9C27-40A9-96B3-CD837F9C45D7}"
EndProject
Project("{8BC9CEB8-8B4A-11D0-8D11-00A0C91BC942}") = "Ex0504_EvaluatingExpressions", "Ex0504_EvaluatingExpressions\Ex0504_EvaluatingExpressions.vcxproj", "{31FC763B-56AE-4F48-A36E-96AB8C147F3D}"
EndProject
Project("{2150E333-8FDC-42A3-9474-1A3956D46DE8}") = "Chapter06", "Chapter06", "{FA1DE7E2-674E-4525-BED6-27B2F2A4F94A}"
EndProject
Project("{8BC9CEB8-8B4A-11D0-8D11-00A0C91BC942}") = "Ex0601_LinkedNode", "Ex0601_LinkedNode\Ex0601_LinkedNode.vcxproj", "{7DDE6C55-9FA8-4056-BF77-E02FBB0B6D5F}"
EndProject
Project("{8BC9CEB8-8B4A-11D0-8D11-00A0C91BC942}") = "Ex0602_SinglyLinkedList", "Ex0602_SinglyLinkedList\Ex0602_SinglyLinkedList.vcxproj", "{8D780622-2166-42C6-AE5C-EE48AF10248C}"
EndProject
Project("{8BC9CEB8-8B4A-11D0-8D11-00A0C91BC942}") = "Ex0603_LinkedPolynomial", "Ex0603_LinkedPolynomial\Ex0603_LinkedPolynomial.vcxproj", "{F1AE3D4F-3BEA-49A4-AD9A-1F0751FF4FEB}"
EndProject
Project("{8BC9CEB8-8B4A-11D0-8D11-00A0C91BC942}") = "Ex0604_DoublyLinkedList", "Ex0604_DoublyLinkedList\Ex0604_DoublyLinkedList.vcxproj", "{1129D05D-E047-4233-82F9-CB6EC0D530D4}"
EndProject
Project("{2150E333-8FDC-42A3-9474-1A3956D46DE8}") = "Chapter07", "Chapter07", "{DA60CD31-260C-4F55-9D68-2D6AC72A9511}"
EndProject
Project("{8BC9CEB8-8B4A-11D0-8D11-00A0C91BC942}") = "Ex0701_BinaryTree", "Ex0701_BinaryTree\Ex0701_BinaryTree.vcxproj", "{13E1F026-0222-42A3-B8FE-59F54D14D5D2}"
EndProject
Project("{8BC9CEB8-8B4A-11D0-8D11-00A0C91BC942}") = "Ex0702_ExpressionTree", "Ex0702_ExpressionTree\Ex0702_ExpressionTree.vcxproj", "{8093EC73-E78A-4EB7-8609-93DE2BBCA187}"
EndProject
Project("{8BC9CEB8-8B4A-11D0-8D11-00A0C91BC942}") = "Ex0703_ThreadedBinaryTree", "Ex0703_ThreadedBinaryTree\Ex0703_ThreadedBinaryTree.vcxproj", "{BECF0351-7C66-4F5E-AEA5-E21504B69D64}"
EndProject
Project("{2150E333-8FDC-42A3-9474-1A3956D46DE8}") = "Chapter08", "Chapter08", "{33CBBF0C-9918-4F13-BD85-39380AE05225}"
EndProject
Project("{8BC9CEB8-8B4A-11D0-8D11-00A0C91BC942}") = "Ex0801_Heap", "Ex0801_Heap\Ex0801_Heap.vcxproj", "{3F9E06E0-B70C-45AB-BF70-16E262EADC2D}"
EndProject
Project("{8BC9CEB8-8B4A-11D0-8D11-00A0C91BC942}") = "Ex0802_PriorityQueue", "Ex0802_PriorityQueue\Ex0802_PriorityQueue.vcxproj", "{2FB0133D-4525-4F44-94EC-63843A8A243A}"
EndProject
Project("{2150E333-8FDC-42A3-9474-1A3956D46DE8}") = "Chapter09", "Chapter09", "{0FBC91D3-8766-4027-B413-521A46A41B7E}"
EndProject
Project("{8BC9CEB8-8B4A-11D0-8D11-00A0C91BC942}") = "Ex0901_BinarySearchTree", "Ex0901_BinarySearchTree\Ex0901_BinarySearchTree.vcxproj", "{5B90F930-4C7E-460F-9AFF-65443D49A281}"
EndProject
Project("{8BC9CEB8-8B4A-11D0-8D11-00A0C91BC942}") = "Ex0902_AVL", "Ex0902_AVL\Ex0902_AVL.vcxproj", "{362A46B2-2D53-47B5-8945-8384A171DB22}"
EndProject
Project("{2150E333-8FDC-42A3-9474-1A3956D46DE8}") = "Chapter10", "Chapter10", "{6D6BCDFC-DD4E-47D2-9104-4C0E9686AFDA}"
EndProject
Project("{8BC9CEB8-8B4A-11D0-8D11-00A0C91BC942}") = "Ex1001_ShellSort", "Ex1001_ShellSort\Ex1001_ShellSort.vcxproj", "{BE69E929-BCF9-4A1A-AE1B-794805944ADC}"
EndProject
Project("{8BC9CEB8-8B4A-11D0-8D11-00A0C91BC942}") = "Ex1002_MergeSort", "Ex1002_MergeSort\Ex1002_MergeSort.vcxproj", "{C88293BB-A30A-4C8D-A1F1-3D08E7E46125}"
EndProject
Project("{8BC9CEB8-8B4A-11D0-8D11-00A0C91BC942}") = "Ex1003_QuickSort", "Ex1003_QuickSort\Ex1003_QuickSort.vcxproj", "{0DF353FC-A964-4738-932F-A4CD125EEDA5}"
EndProject
Project("{8BC9CEB8-8B4A-11D0-8D11-00A0C91BC942}") = "Ex1004_RadixSort", "Ex1004_RadixSort\Ex1004_RadixSort.vcxproj", "{B5A62A36-D30C-4ED2-993A-D88DEA524791}"
EndProject
Project("{2150E333-8FDC-42A3-9474-1A3956D46DE8}") = "Chapter11", "Chapter11", "{D0BC7FEC-66D5-42B6-BCD6-9A587CB6E9CE}"
EndProject
Project("{8BC9CEB8-8B4A-11D0-8D11-00A0C91BC942}") = "Ex1101_InterpolationSearch", "Ex1101_InterpolationSearch\Ex1101_InterpolationSearch.vcxproj", "{082EB603-F58D-4A27-9DFA-51CA7B6B2BF8}"
EndProject
Project("{8BC9CEB8-8B4A-11D0-8D11-00A0C91BC942}") = "Ex1102_IndexedSequentialSearch", "Ex1102_IndexedSequentialSearch\Ex1102_IndexedSequentialSearch.vcxproj", "{BB91748A-5BCB-4034-A668-87B314737798}"
EndProject
Project("{8BC9CEB8-8B4A-11D0-8D11-00A0C91BC942}") = "Ex1103_HashTable", "Ex1103_HashTable\Ex1103_HashTable.vcxproj", "{DBF760E8-110B-4795-8E7E-BB9B8FAA47D3}"
EndProject
Project("{2150E333-8FDC-42A3-9474-1A3956D46DE8}") = "Chapter12", "Chapter12", "{BD1B5D11-C671-4BA9-80BF-D57C0B0296B4}"
EndProject
Project("{8BC9CEB8-8B4A-11D0-8D11-00A0C91BC942}") = "Ex1201_AdjacentMatrix", "Ex1201_AdjacentMatrix\Ex1201_AdjacentMatrix.vcxproj", "{B7D1CCD3-5043-4F2C-83BD-79AB49C1AE15}"
EndProject
Project("{8BC9CEB8-8B4A-11D0-8D11-00A0C91BC942}") = "Ex1202_AdjacentList", "Ex1202_AdjacentList\Ex1202_AdjacentList.vcxproj", "{D376D153-59A1-4972-89EA-516C3BBECB47}"
EndProject
Project("{8BC9CEB8-8B4A-11D0-8D11-00A0C91BC942}") = "Ex1005_CountingSort", "Ex1005_CountingSort\Ex1005_CountingSort.vcxproj", "{777A01B7-FDE7-4B7E-A2B8-5FCC0BBC971C}"
EndProject
Global
	GlobalSection(SolutionConfigurationPlatforms) = preSolution
		Debug|x64 = Debug|x64
		Debug|x86 = Debug|x86
		Release|x64 = Release|x64
		Release|x86 = Release|x86
	EndGlobalSection
	GlobalSection(ProjectConfigurationPlatforms) = postSolution
		{07BAEE20-FBAA-4B3F-B72F-D42D0C4FCD15}.Debug|x64.ActiveCfg = Debug|x64
		{07BAEE20-FBAA-4B3F-B72F-D42D0C4FCD15}.Debug|x64.Build.0 = Debug|x64
		{07BAEE20-FBAA-4B3F-B72F-D42D0C4FCD15}.Debug|x86.ActiveCfg = Debug|Win32
		{07BAEE20-FBAA-4B3F-B72F-D42D0C4FCD15}.Debug|x86.Build.0 = Debug|Win32
		{07BAEE20-FBAA-4B3F-B72F-D42D0C4FCD15}.Release|x64.ActiveCfg = Release|x64
		{07BAEE20-FBAA-4B3F-B72F-D42D0C4FCD15}.Release|x64.Build.0 = Release|x64
		{07BAEE20-FBAA-4B3F-B72F-D42D0C4FCD15}.Release|x86.ActiveCfg = Release|Win32
		{07BAEE20-FBAA-4B3F-B72F-D42D0C4FCD15}.Release|x86.Build.0 = Release|Win32
		{92157883-1DC3-4C43-924F-6F44D8936AE5}.Debug|x64.ActiveCfg = Debug|x64
		{92157883-1DC3-4C43-924F-6F44D8936AE5}.Debug|x64.Build.0 = Debug|x64
		{92157883-1DC3-4C43-924F-6F44D8936AE5}.Debug|x86.ActiveCfg = Debug|Win32
		{92157883-1DC3-4C43-924F-6F44D8936AE5}.Debug|x86.Build.0 = Debug|Win32
		{92157883-1DC3-4C43-924F-6F44D8936AE5}.Release|x64.ActiveCfg = Release|x64
		{92157883-1DC3-4C43-924F-6F44D8936AE5}.Release|x64.Build.0 = Release|x64
		{92157883-1DC3-4C43-924F-6F44D8936AE5}.Release|x86.ActiveCfg = Release|Win32
		{92157883-1DC3-4C43-924F-6F44D8936AE5}.Release|x86.Build.0 = Release|Win32
		{199B1A32-3760-4A4F-8ED3-B4DD5C188595}.Debug|x64.ActiveCfg = Debug|x64
		{199B1A32-3760-4A4F-8ED3-B4DD5C188595}.Debug|x64.Build.0 = Debug|x64
		{199B1A32-3760-4A4F-8ED3-B4DD5C188595}.Debug|x86.ActiveCfg = Debug|Win32
		{199B1A32-3760-4A4F-8ED3-B4DD5C188595}.Debug|x86.Build.0 = Debug|Win32
		{199B1A32-3760-4A4F-8ED3-B4DD5C188595}.Release|x64.ActiveCfg = Release|x64
		{199B1A32-3760-4A4F-8ED3-B4DD5C188595}.Release|x64.Build.0 = Release|x64
		{199B1A32-3760-4A4F-8ED3-B4DD5C188595}.Release|x86.ActiveCfg = Release|Win32
		{199B1A32-3760-4A4F-8ED3-B4DD5C188595}.Release|x86.Build.0 = Release|Win32
		{20ACAF7C-B0F7-4284-931B-0DE0718BF25B}.Debug|x64.ActiveCfg = Debug|x64
		{20ACAF7C-B0F7-4284-931B-0DE0718BF25B}.Debug|x64.Build.0 = Debug|x64
		{20ACAF7C-B0F7-4284-931B-0DE0718BF25B}.Debug|x86.ActiveCfg = Debug|Win32
		{20ACAF7C-B0F7-4284-931B-0DE0718BF25B}.Debug|x86.Build.0 = Debug|Win32
		{20ACAF7C-B0F7-4284-931B-0DE0718BF25B}.Release|x64.ActiveCfg = Release|x64
		{20ACAF7C-B0F7-4284-931B-0DE0718BF25B}.Release|x64.Build.0 = Release|x64
		{20ACAF7C-B0F7-4284-931B-0DE0718BF25B}.Release|x86.ActiveCfg = Release|Win32
		{20ACAF7C-B0F7-4284-931B-0DE0718BF25B}.Release|x86.Build.0 = Release|Win32
		{6298E432-0A98-46C9-811F-E960851A5FE4}.Debug|x64.ActiveCfg = Debug|x64
		{6298E432-0A98-46C9-811F-E960851A5FE4}.Debug|x64.Build.0 = Debug|x64
		{6298E432-0A98-46C9-811F-E960851A5FE4}.Debug|x86.ActiveCfg = Debug|Win32
		{6298E432-0A98-46C9-811F-E960851A5FE4}.Debug|x86.Build.0 = Debug|Win32
		{6298E432-0A98-46C9-811F-E960851A5FE4}.Release|x64.ActiveCfg = Release|x64
		{6298E432-0A98-46C9-811F-E960851A5FE4}.Release|x64.Build.0 = Release|x64
		{6298E432-0A98-46C9-811F-E960851A5FE4}.Release|x86.ActiveCfg = Release|Win32
		{6298E432-0A98-46C9-811F-E960851A5FE4}.Release|x86.Build.0 = Release|Win32
		{D2E9993F-6063-4B05-AF54-FFD9CEE3A223}.Debug|x64.ActiveCfg = Debug|x64
		{D2E9993F-6063-4B05-AF54-FFD9CEE3A223}.Debug|x64.Build.0 = Debug|x64
		{D2E9993F-6063-4B05-AF54-FFD9CEE3A223}.Debug|x86.ActiveCfg = Debug|Win32
		{D2E9993F-6063-4B05-AF54-FFD9CEE3A223}.Debug|x86.Build.0 = Debug|Win32
		{D2E9993F-6063-4B05-AF54-FFD9CEE3A223}.Release|x64.ActiveCfg = Release|x64
		{D2E9993F-6063-4B05-AF54-FFD9CEE3A223}.Release|x64.Build.0 = Release|x64
		{D2E9993F-6063-4B05-AF54-FFD9CEE3A223}.Release|x86.ActiveCfg = Release|Win32
		{D2E9993F-6063-4B05-AF54-FFD9CEE3A223}.Release|x86.Build.0 = Release|Win32
		{D0972058-BE60-4C17-B524-78FD2DD305E7}.Debug|x64.ActiveCfg = Debug|x64
		{D0972058-BE60-4C17-B524-78FD2DD305E7}.Debug|x64.Build.0 = Debug|x64
		{D0972058-BE60-4C17-B524-78FD2DD305E7}.Debug|x86.ActiveCfg = Debug|Win32
		{D0972058-BE60-4C17-B524-78FD2DD305E7}.Debug|x86.Build.0 = Debug|Win32
		{D0972058-BE60-4C17-B524-78FD2DD305E7}.Release|x64.ActiveCfg = Release|x64
		{D0972058-BE60-4C17-B524-78FD2DD305E7}.Release|x64.Build.0 = Release|x64
		{D0972058-BE60-4C17-B524-78FD2DD305E7}.Release|x86.ActiveCfg = Release|Win32
		{D0972058-BE60-4C17-B524-78FD2DD305E7}.Release|x86.Build.0 = Release|Win32
		{F3EF97EC-9D5E-45A5-89A6-73BA6F29EB92}.Debug|x64.ActiveCfg = Debug|x64
		{F3EF97EC-9D5E-45A5-89A6-73BA6F29EB92}.Debug|x64.Build.0 = Debug|x64
		{F3EF97EC-9D5E-45A5-89A6-73BA6F29EB92}.Debug|x86.ActiveCfg = Debug|Win32
		{F3EF97EC-9D5E-45A5-89A6-73BA6F29EB92}.Debug|x86.Build.0 = Debug|Win32
		{F3EF97EC-9D5E-45A5-89A6-73BA6F29EB92}.Release|x64.ActiveCfg = Release|x64
		{F3EF97EC-9D5E-45A5-89A6-73BA6F29EB92}.Release|x64.Build.0 = Release|x64
		{F3EF97EC-9D5E-45A5-89A6-73BA6F29EB92}.Release|x86.ActiveCfg = Release|Win32
		{F3EF97EC-9D5E-45A5-89A6-73BA6F29EB92}.Release|x86.Build.0 = Release|Win32
		{A376F875-B3CA-42F3-9168-FBF128F5283E}.Debug|x64.ActiveCfg = Debug|x64
		{A376F875-B3CA-42F3-9168-FBF128F5283E}.Debug|x64.Build.0 = Debug|x64
		{A376F875-B3CA-42F3-9168-FBF128F5283E}.Debug|x86.ActiveCfg = Debug|Win32
		{A376F875-B3CA-42F3-9168-FBF128F5283E}.Debug|x86.Build.0 = Debug|Win32
		{A376F875-B3CA-42F3-9168-FBF128F5283E}.Release|x64.ActiveCfg = Release|x64
		{A376F875-B3CA-42F3-9168-FBF128F5283E}.Release|x64.Build.0 = Release|x64
		{A376F875-B3CA-42F3-9168-FBF128F5283E}.Release|x86.ActiveCfg = Release|Win32
		{A376F875-B3CA-42F3-9168-FBF128F5283E}.Release|x86.Build.0 = Release|Win32
		{9A7716D7-484B-497C-A9F7-F052341C2776}.Debug|x64.ActiveCfg = Debug|x64
		{9A7716D7-484B-497C-A9F7-F052341C2776}.Debug|x64.Build.0 = Debug|x64
		{9A7716D7-484B-497C-A9F7-F052341C2776}.Debug|x86.ActiveCfg = Debug|Win32
		{9A7716D7-484B-497C-A9F7-F052341C2776}.Debug|x86.Build.0 = Debug|Win32
		{9A7716D7-484B-497C-A9F7-F052341C2776}.Release|x64.ActiveCfg = Release|x64
		{9A7716D7-484B-497C-A9F7-F052341C2776}.Release|x64.Build.0 = Release|x64
		{9A7716D7-484B-497C-A9F7-F052341C2776}.Release|x86.ActiveCfg = Release|Win32
		{9A7716D7-484B-497C-A9F7-F052341C2776}.Release|x86.Build.0 = Release|Win32
		{EBF1827C-12B8-41C1-BC68-428568909677}.Debug|x64.ActiveCfg = Debug|x64
		{EBF1827C-12B8-41C1-BC68-428568909677}.Debug|x64.Build.0 = Debug|x64
		{EBF1827C-12B8-41C1-BC68-428568909677}.Debug|x86.ActiveCfg = Debug|Win32
		{EBF1827C-12B8-41C1-BC68-428568909677}.Debug|x86.Build.0 = Debug|Win32
		{EBF1827C-12B8-41C1-BC68-428568909677}.Release|x64.ActiveCfg = Release|x64
		{EBF1827C-12B8-41C1-BC68-428568909677}.Release|x64.Build.0 = Release|x64
		{EBF1827C-12B8-41C1-BC68-428568909677}.Release|x86.ActiveCfg = Release|Win32
		{EBF1827C-12B8-41C1-BC68-428568909677}.Release|x86.Build.0 = Release|Win32
		{0A8D6BBF-A9CB-4918-AB27-D4DFE6C298DA}.Debug|x64.ActiveCfg = Debug|x64
		{0A8D6BBF-A9CB-4918-AB27-D4DFE6C298DA}.Debug|x64.Build.0 = Debug|x64
		{0A8D6BBF-A9CB-4918-AB27-D4DFE6C298DA}.Debug|x86.ActiveCfg = Debug|Win32
		{0A8D6BBF-A9CB-4918-AB27-D4DFE6C298DA}.Debug|x86.Build.0 = Debug|Win32
		{0A8D6BBF-A9CB-4918-AB27-D4DFE6C298DA}.Release|x64.ActiveCfg = Release|x64
		{0A8D6BBF-A9CB-4918-AB27-D4DFE6C298DA}.Release|x64.Build.0 = Release|x64
		{0A8D6BBF-A9CB-4918-AB27-D4DFE6C298DA}.Release|x86.ActiveCfg = Release|Win32
		{0A8D6BBF-A9CB-4918-AB27-D4DFE6C298DA}.Release|x86.Build.0 = Release|Win32
		{472563EE-3ACD-45B3-9CA0-F0B218F42C9B}.Debug|x64.ActiveCfg = Debug|x64
		{472563EE-3ACD-45B3-9CA0-F0B218F42C9B}.Debug|x64.Build.0 = Debug|x64
		{472563EE-3ACD-45B3-9CA0-F0B218F42C9B}.Debug|x86.ActiveCfg = Debug|Win32
		{472563EE-3ACD-45B3-9CA0-F0B218F42C9B}.Debug|x86.Build.0 = Debug|Win32
		{472563EE-3ACD-45B3-9CA0-F0B218F42C9B}.Release|x64.ActiveCfg = Release|x64
		{472563EE-3ACD-45B3-9CA0-F0B218F42C9B}.Release|x64.Build.0 = Release|x64
		{472563EE-3ACD-45B3-9CA0-F0B218F42C9B}.Release|x86.ActiveCfg = Release|Win32
		{472563EE-3ACD-45B3-9CA0-F0B218F42C9B}.Release|x86.Build.0 = Release|Win32
		{986C2BED-7F98-4B95-9541-1B2C45C44B03}.Debug|x64.ActiveCfg = Debug|x64
		{986C2BED-7F98-4B95-9541-1B2C45C44B03}.Debug|x64.Build.0 = Debug|x64
		{986C2BED-7F98-4B95-9541-1B2C45C44B03}.Debug|x86.ActiveCfg = Debug|Win32
		{986C2BED-7F98-4B95-9541-1B2C45C44B03}.Debug|x86.Build.0 = Debug|Win32
		{986C2BED-7F98-4B95-9541-1B2C45C44B03}.Release|x64.ActiveCfg = Release|x64
		{986C2BED-7F98-4B95-9541-1B2C45C44B03}.Release|x64.Build.0 = Release|x64
		{986C2BED-7F98-4B95-9541-1B2C45C44B03}.Release|x86.ActiveCfg = Release|Win32
		{986C2BED-7F98-4B95-9541-1B2C45C44B03}.Release|x86.Build.0 = Release|Win32
		{8762EB53-2EF4-49FB-B4BA-F053E40288A5}.Debug|x64.ActiveCfg = Debug|x64
		{8762EB53-2EF4-49FB-B4BA-F053E40288A5}.Debug|x64.Build.0 = Debug|x64
		{8762EB53-2EF4-49FB-B4BA-F053E40288A5}.Debug|x86.ActiveCfg = Debug|Win32
		{8762EB53-2EF4-49FB-B4BA-F053E40288A5}.Debug|x86.Build.0 = Debug|Win32
		{8762EB53-2EF4-49FB-B4BA-F053E40288A5}.Release|x64.ActiveCfg = Release|x64
		{8762EB53-2EF4-49FB-B4BA-F053E40288A5}.Release|x64.Build.0 = Release|x64
		{8762EB53-2EF4-49FB-B4BA-F053E40288A5}.Release|x86.ActiveCfg = Release|Win32
		{8762EB53-2EF4-49FB-B4BA-F053E40288A5}.Release|x86.Build.0 = Release|Win32
		{0C4C1279-7E97-4DE4-A0E3-6030AA16E34F}.Debug|x64.ActiveCfg = Debug|x64
		{0C4C1279-7E97-4DE4-A0E3-6030AA16E34F}.Debug|x64.Build.0 = Debug|x64
		{0C4C1279-7E97-4DE4-A0E3-6030AA16E34F}.Debug|x86.ActiveCfg = Debug|Win32
		{0C4C1279-7E97-4DE4-A0E3-6030AA16E34F}.Debug|x86.Build.0 = Debug|Win32
		{0C4C1279-7E97-4DE4-A0E3-6030AA16E34F}.Release|x64.ActiveCfg = Release|x64
		{0C4C1279-7E97-4DE4-A0E3-6030AA16E34F}.Release|x64.Build.0 = Release|x64
		{0C4C1279-7E97-4DE4-A0E3-6030AA16E34F}.Release|x86.ActiveCfg = Release|Win32
		{0C4C1279-7E97-4DE4-A0E3-6030AA16E34F}.Release|x86.Build.0 = Release|Win32
		{92A14540-3CFC-45DD-8A88-EEFA281C7F6E}.Debug|x64.ActiveCfg = Debug|x64
		{92A14540-3CFC-45DD-8A88-EEFA281C7F6E}.Debug|x64.Build.0 = Debug|x64
		{92A14540-3CFC-45DD-8A88-EEFA281C7F6E}.Debug|x86.ActiveCfg = Debug|Win32
		{92A14540-3CFC-45DD-8A88-EEFA281C7F6E}.Debug|x86.Build.0 = Debug|Win32
		{92A14540-3CFC-45DD-8A88-EEFA281C7F6E}.Release|x64.ActiveCfg = Release|x64
		{92A14540-3CFC-45DD-8A88-EEFA281C7F6E}.Release|x64.Build.0 = Release|x64
		{92A14540-3CFC-45DD-8A88-EEFA281C7F6E}.Release|x86.ActiveCfg = Release|Win32
		{92A14540-3CFC-45DD-8A88-EEFA281C7F6E}.Release|x86.Build.0 = Release|Win32
		{F43E3B93-CBDE-48DA-B040-4A028F563A80}.Debug|x64.ActiveCfg = Debug|x64
		{F43E3B93-CBDE-48DA-B040-4A028F563A80}.Debug|x64.Build.0 = Debug|x64
		{F43E3B93-CBDE-48DA-B040-4A028F563A80}.Debug|x86.ActiveCfg = Debug|Win32
		{F43E3B93-CBDE-48DA-B040-4A028F563A80}.Debug|x86.Build.0 = Debug|Win32
		{F43E3B93-CBDE-48DA-B040-4A028F563A80}.Release|x64.ActiveCfg = Release|x64
		{F43E3B93-CBDE-48DA-B040-4A028F563A80}.Release|x64.Build.0 = Release|x64
		{F43E3B93-CBDE-48DA-B040-4A028F563A80}.Release|x86.ActiveCfg = Release|Win32
		{F43E3B93-CBDE-48DA-B040-4A028F563A80}.Release|x86.Build.0 = Release|Win32
		{B5645FFB-5817-4F74-9890-B108D218314E}.Debug|x64.ActiveCfg = Debug|x64
		{B5645FFB-5817-4F74-9890-B108D218314E}.Debug|x64.Build.0 = Debug|x64
		{B5645FFB-5817-4F74-9890-B108D218314E}.Debug|x86.ActiveCfg = Debug|Win32
		{B5645FFB-5817-4F74-9890-B108D218314E}.Debug|x86.Build.0 = Debug|Win32
		{B5645FFB-5817-4F74-9890-B108D218314E}.Release|x64.ActiveCfg = Release|x64
		{B5645FFB-5817-4F74-9890-B108D218314E}.Release|x64.Build.0 = Release|x64
		{B5645FFB-5817-4F74-9890-B108D218314E}.Release|x86.ActiveCfg = Release|Win32
		{B5645FFB-5817-4F74-9890-B108D218314E}.Release|x86.Build.0 = Release|Win32
		{F28B81B8-9A87-4E49-8E03-0BE8F0F05897}.Debug|x64.ActiveCfg = Debug|x64
		{F28B81B8-9A87-4E49-8E03-0BE8F0F05897}.Debug|x64.Build.0 = Debug|x64
		{F28B81B8-9A87-4E49-8E03-0BE8F0F05897}.Debug|x86.ActiveCfg = Debug|Win32
		{F28B81B8-9A87-4E49-8E03-0BE8F0F05897}.Debug|x86.Build.0 = Debug|Win32
		{F28B81B8-9A87-4E49-8E03-0BE8F0F05897}.Release|x64.ActiveCfg = Release|x64
		{F28B81B8-9A87-4E49-8E03-0BE8F0F05897}.Release|x64.Build.0 = Release|x64
		{F28B81B8-9A87-4E49-8E03-0BE8F0F05897}.Release|x86.ActiveCfg = Release|Win32
		{F28B81B8-9A87-4E49-8E03-0BE8F0F05897}.Release|x86.Build.0 = Release|Win32
		{89167C99-A240-4F9D-A2BB-4CA8A04BBE1D}.Debug|x64.ActiveCfg = Debug|x64
		{89167C99-A240-4F9D-A2BB-4CA8A04BBE1D}.Debug|x64.Build.0 = Debug|x64
		{89167C99-A240-4F9D-A2BB-4CA8A04BBE1D}.Debug|x86.ActiveCfg = Debug|Win32
		{89167C99-A240-4F9D-A2BB-4CA8A04BBE1D}.Debug|x86.Build.0 = Debug|Win32
		{89167C99-A240-4F9D-A2BB-4CA8A04BBE1D}.Release|x64.ActiveCfg = Release|x64
		{89167C99-A240-4F9D-A2BB-4CA8A04BBE1D}.Release|x64.Build.0 = Release|x64
		{89167C99-A240-4F9D-A2BB-4CA8A04BBE1D}.Release|x86.ActiveCfg = Release|Win32
		{89167C99-A240-4F9D-A2BB-4CA8A04BBE1D}.Release|x86.Build.0 = Release|Win32
		{4A358AE7-E532-4BBC-B755-D27F615F5271}.Debug|x64.ActiveCfg = Debug|x64
		{4A358AE7-E532-4BBC-B755-D27F615F5271}.Debug|x64.Build.0 = Debug|x64
		{4A358AE7-E532-4BBC-B755-D27F615F5271}.Debug|x86.ActiveCfg = Debug|Win32
		{4A358AE7-E532-4BBC-B755-D27F615F5271}.Debug|x86.Build.0 = Debug|Win32
		{4A358AE7-E532-4BBC-B755-D27F615F5271}.Release|x64.ActiveCfg = Release|x64
		{4A358AE7-E532-4BBC-B755-D27F615F5271}.Release|x64.Build.0 = Release|x64
		{4A358AE7-E532-4BBC-B755-D27F615F5271}.Release|x86.ActiveCfg = Release|Win32
		{4A358AE7-E532-4BBC-B755-D27F615F5271}.Release|x86.Build.0 = Release|Win32
		{B2E272BD-3A19-44F9-98A0-8E9E676A3666}.Debug|x64.ActiveCfg = Debug|x64
		{B2E272BD-3A19-44F9-98A0-8E9E676A3666}.Debug|x64.Build.0 = Debug|x64
		{B2E272BD-3A19-44F9-98A0-8E9E676A3666}.Debug|x86.ActiveCfg = Debug|Win32
		{B2E272BD-3A19-44F9-98A0-8E9E676A3666}.Debug|x86.Build.0 = Debug|Win32
		{B2E272BD-3A19-44F9-98A0-8E9E676A3666}.Release|x64.ActiveCfg = Release|x64
		{B2E272BD-3A19-44F9-98A0-8E9E676A3666}.Release|x64.Build.0 = Release|x64
		{B2E272BD-3A19-44F9-98A0-8E9E676A3666}.Release|x86.ActiveCfg = Release|Win32
		{B2E272BD-3A19-44F9-98A0-8E9E676A3666}.Release|x86.Build.0 = Release|Win32
		{1FA0E377-6E1E-4704-997C-4C18EC90564B}.Debug|x64.ActiveCfg = Debug|x64
		{1FA0E377-6E1E-4704-997C-4C18EC90564B}.Debug|x64.Build.0 = Debug|x64
		{1FA0E377-6E1E-4704-997C-4C18EC90564B}.Debug|x86.ActiveCfg = Debug|Win32
		{1FA0E377-6E1E-4704-997C-4C18EC90564B}.Debug|x86.Build.0 = Debug|Win32
		{1FA0E377-6E1E-4704-997C-4C18EC90564B}.Release|x64.ActiveCfg = Release|x64
		{1FA0E377-6E1E-4704-997C-4C18EC90564B}.Release|x64.Build.0 = Release|x64
		{1FA0E377-6E1E-4704-997C-4C18EC90564B}.Release|x86.ActiveCfg = Release|Win32
		{1FA0E377-6E1E-4704-997C-4C18EC90564B}.Release|x86.Build.0 = Release|Win32
		{F8DE634E-9C27-40A9-96B3-CD837F9C45D7}.Debug|x64.ActiveCfg = Debug|x64
		{F8DE634E-9C27-40A9-96B3-CD837F9C45D7}.Debug|x64.Build.0 = Debug|x64
		{F8DE634E-9C27-40A9-96B3-CD837F9C45D7}.Debug|x86.ActiveCfg = Debug|Win32
		{F8DE634E-9C27-40A9-96B3-CD837F9C45D7}.Debug|x86.Build.0 = Debug|Win32
		{F8DE634E-9C27-40A9-96B3-CD837F9C45D7}.Release|x64.ActiveCfg = Release|x64
		{F8DE634E-9C27-40A9-96B3-CD837F9C45D7}.Release|x64.Build.0 = Release|x64
		{F8DE634E-9C27-40A9-96B3-CD837F9C45D7}.Release|x86.ActiveCfg = Release|Win32
		{F8DE634E-9C27-40A9-96B3-CD837F9C45D7}.Release|x86.Build.0 = Release|Win32
		{31FC763B-56AE-4F48-A36E-96AB8C147F3D}.Debug|x64.ActiveCfg = Debug|x64
		{31FC763B-56AE-4F48-A36E-96AB8C147F3D}.Debug|x64.Build.0 = Debug|x64
		{31FC763B-56AE-4F48-A36E-96AB8C147F3D}.Debug|x86.ActiveCfg = Debug|Win32
		{31FC763B-56AE-4F48-A36E-96AB8C147F3D}.Debug|x86.Build.0 = Debug|Win32
		{31FC763B-56AE-4F48-A36E-96AB8C147F3D}.Release|x64.ActiveCfg = Release|x64
		{31FC763B-56AE-4F48-A36E-96AB8C147F3D}.Release|x64.Build.0 = Release|x64
		{31FC763B-56AE-4F48-A36E-96AB8C147F3D}.Release|x86.ActiveCfg = Release|Win32
		{31FC763B-56AE-4F48-A36E-96AB8C147F3D}.Release|x86.Build.0 = Release|Win32
		{7DDE6C55-9FA8-4056-BF77-E02FBB0B6D5F}.Debug|x64.ActiveCfg = Debug|x64
		{7DDE6C55-9FA8-4056-BF77-E02FBB0B6D5F}.Debug|x64.Build.0 = Debug|x64
		{7DDE6C55-9FA8-4056-BF77-E02FBB0B6D5F}.Debug|x86.ActiveCfg = Debug|Win32
		{7DDE6C55-9FA8-4056-BF77-E02FBB0B6D5F}.Debug|x86.Build.0 = Debug|Win32
		{7DDE6C55-9FA8-4056-BF77-E02FBB0B6D5F}.Release|x64.ActiveCfg = Release|x64
		{7DDE6C55-9FA8-4056-BF77-E02FBB0B6D5F}.Release|x64.Build.0 = Release|x64
		{7DDE6C55-9FA8-4056-BF77-E02FBB0B6D5F}.Release|x86.ActiveCfg = Release|Win32
		{7DDE6C55-9FA8-4056-BF77-E02FBB0B6D5F}.Release|x86.Build.0 = Release|Win32
		{8D780622-2166-42C6-AE5C-EE48AF10248C}.Debug|x64.ActiveCfg = Debug|x64
		{8D780622-2166-42C6-AE5C-EE48AF10248C}.Debug|x64.Build.0 = Debug|x64
		{8D780622-2166-42C6-AE5C-EE48AF10248C}.Debug|x86.ActiveCfg = Debug|Win32
		{8D780622-2166-42C6-AE5C-EE48AF10248C}.Debug|x86.Build.0 = Debug|Win32
		{8D780622-2166-42C6-AE5C-EE48AF10248C}.Release|x64.ActiveCfg = Release|x64
		{8D780622-2166-42C6-AE5C-EE48AF10248C}.Release|x64.Build.0 = Release|x64
		{8D780622-2166-42C6-AE5C-EE48AF10248C}.Release|x86.ActiveCfg = Release|Win32
		{8D780622-2166-42C6-AE5C-EE48AF10248C}.Release|x86.Build.0 = Release|Win32
		{F1AE3D4F-3BEA-49A4-AD9A-1F0751FF4FEB}.Debug|x64.ActiveCfg = Debug|x64
		{F1AE3D4F-3BEA-49A4-AD9A-1F0751FF4FEB}.Debug|x64.Build.0 = Debug|x64
		{F1AE3D4F-3BEA-49A4-AD9A-1F0751FF4FEB}.Debug|x86.ActiveCfg = Debug|Win32
		{F1AE3D4F-3BEA-49A4-AD9A-1F0751FF4FEB}.Debug|x86.Build.0 = Debug|Win32
		{F1AE3D4F-3BEA-49A4-AD9A-1F0751FF4FEB}.Release|x64.ActiveCfg = Release|x64
		{F1AE3D4F-3BEA-49A4-AD9A-1F0751FF4FEB}.Release|x64.Build.0 = Release|x64
		{F1AE3D4F-3BEA-49A4-AD9A-1F0751FF4FEB}.Release|x86.ActiveCfg = Release|Win32
		{F1AE3D4F-3BEA-49A4-AD9A-1F0751FF4FEB}.Release|x86.Build.0 = Release|Win32
		{1129D05D-E047-4233-82F9-CB6EC0D530D4}.Debug|x64.ActiveCfg = Debug|x64
		{1129D05D-E047-4233-82F9-CB6EC0D530D4}.Debug|x64.Build.0 = Debug|x64
		{1129D05D-E047-4233-82F9-CB6EC0D530D4}.Debug|x86.ActiveCfg = Debug|Win32
		{1129D05D-E047-4233-82F9-CB6EC0D530D4}.Debug|x86.Build.0 = Debug|Win32
		{1129D05D-E047-4233-82F9-CB6EC0D530D4}.Release|x64.ActiveCfg = Release|x64
		{1129D05D-E047-4233-82F9-CB6EC0D530D4}.Release|x64.Build.0 = Release|x64
		{1129D05D-E047-4233-82F9-CB6EC0D530D4}.Release|x86.ActiveCfg = Release|Win32
		{1129D05D-E047-4233-82F9-CB6EC0D530D4}.Release|x86.Build.0 = Release|Win32
		{13E1F026-0222-42A3-B8FE-59F54D14D5D2}.Debug|x64.ActiveCfg = Debug|x64
		{13E1F026-0222-42A3-B8FE-59F54D14D5D2}.Debug|x64.Build.0 = Debug|x64
		{13E1F026-0222-42A3-B8FE-59F54D14D5D2}.Debug|x86.ActiveCfg = Debug|Win32
		{13E1F026-0222-42A3-B8FE-59F54D14D5D2}.Debug|x86.Build.0 = Debug|Win32
		{13E1F026-0222-42A3-B8FE-59F54D14D5D2}.Release|x64.ActiveCfg = Release|x64
		{13E1F026-0222-42A3-B8FE-59F54D14D5D2}.Release|x64.Build.0 = Release|x64
		{13E1F026-0222-42A3-B8FE-59F54D14D5D2}.Release|x86.ActiveCfg = Release|Win32
		{13E1F026-0222-42A3-B8FE-59F54D14D5D2}.Release|x86.Build.0 = Release|Win32
		{8093EC73-E78A-4EB7-8609-93DE2BBCA187}.Debug|x64.ActiveCfg = Debug|x64
		{8093EC73-E78A-4EB7-8609-93DE2BBCA187}.Debug|x64.Build.0 = Debug|x64
		{8093EC73-E78A-4EB7-8609-93DE2BBCA187}.Debug|x86.ActiveCfg = Debug|Win32
		{8093EC73-E78A-4EB7-8609-93DE2BBCA187}.Debug|x86.Build.0 = Debug|Win32
		{8093EC73-E78A-4EB7-8609-93DE2BBCA187}.Release|x64.ActiveCfg = Release|x64
		{8093EC73-E78A-4EB7-8609-93DE2BBCA187}.Release|x64.Build.0 = Release|x64
		{8093EC73-E78A-4EB7-8609-93DE2BBCA187}.Release|x86.ActiveCfg = Release|Win32
		{8093EC73-E78A-4EB7-8609-93DE2BBCA187}.Release|x86.Build.0 = Release|Win32
		{BECF0351-7C66-4F5E-AEA5-E21504B69D64}.Debug|x64.ActiveCfg = Debug|x64
		{BECF0351-7C66-4F5E-AEA5-E21504B69D64}.Debug|x64.Build.0 = Debug|x64
		{BECF0351-7C66-4F5E-AEA5-E21504B69D64}.Debug|x86.ActiveCfg = Debug|Win32
		{BECF0351-7C66-4F5E-AEA5-E21504B69D64}.Debug|x86.Build.0 = Debug|Win32
		{BECF0351-7C66-4F5E-AEA5-E21504B69D64}.Release|x64.ActiveCfg = Release|x64
		{BECF0351-7C66-4F5E-AEA5-E21504B69D64}.Release|x64.Build.0 = Release|x64
		{BECF0351-7C66-4F5E-AEA5-E21504B69D64}.Release|x86.ActiveCfg = Release|Win32
		{BECF0351-7C66-4F5E-AEA5-E21504B69D64}.Release|x86.Build.0 = Release|Win32
		{3F9E06E0-B70C-45AB-BF70-16E262EADC2D}.Debug|x64.ActiveCfg = Debug|x64
		{3F9E06E0-B70C-45AB-BF70-16E262EADC2D}.Debug|x64.Build.0 = Debug|x64
		{3F9E06E0-B70C-45AB-BF70-16E262EADC2D}.Debug|x86.ActiveCfg = Debug|Win32
		{3F9E06E0-B70C-45AB-BF70-16E262EADC2D}.Debug|x86.Build.0 = Debug|Win32
		{3F9E06E0-B70C-45AB-BF70-16E262EADC2D}.Release|x64.ActiveCfg = Release|x64
		{3F9E06E0-B70C-45AB-BF70-16E262EADC2D}.Release|x64.Build.0 = Release|x64
		{3F9E06E0-B70C-45AB-BF70-16E262EADC2D}.Release|x86.ActiveCfg = Release|Win32
		{3F9E06E0-B70C-45AB-BF70-16E262EADC2D}.Release|x86.Build.0 = Release|Win32
		{2FB0133D-4525-4F44-94EC-63843A8A243A}.Debug|x64.ActiveCfg = Debug|x64
		{2FB0133D-4525-4F44-94EC-63843A8A243A}.Debug|x64.Build.0 = Debug|x64
		{2FB0133D-4525-4F44-94EC-63843A8A243A}.Debug|x86.ActiveCfg = Debug|Win32
		{2FB0133D-4525-4F44-94EC-63843A8A243A}.Debug|x86.Build.0 = Debug|Win32
		{2FB0133D-4525-4F44-94EC-63843A8A243A}.Release|x64.ActiveCfg = Release|x64
		{2FB0133D-4525-4F44-94EC-63843A8A243A}.Release|x64.Build.0 = Release|x64
		{2FB0133D-4525-4F44-94EC-63843A8A243A}.Release|x86.ActiveCfg = Release|Win32
		{2FB0133D-4525-4F44-94EC-63843A8A243A}.Release|x86.Build.0 = Release|Win32
		{5B90F930-4C7E-460F-9AFF-65443D49A281}.Debug|x64.ActiveCfg = Debug|x64
		{5B90F930-4C7E-460F-9AFF-65443D49A281}.Debug|x64.Build.0 = Debug|x64
		{5B90F930-4C7E-460F-9AFF-65443D49A281}.Debug|x86.ActiveCfg = Debug|Win32
		{5B90F930-4C7E-460F-9AFF-65443D49A281}.Debug|x86.Build.0 = Debug|Win32
		{5B90F930-4C7E-460F-9AFF-65443D49A281}.Release|x64.ActiveCfg = Release|x64
		{5B90F930-4C7E-460F-9AFF-65443D49A281}.Release|x64.Build.0 = Release|x64
		{5B90F930-4C7E-460F-9AFF-65443D49A281}.Release|x86.ActiveCfg = Release|Win32
		{5B90F930-4C7E-460F-9AFF-65443D49A281}.Release|x86.Build.0 = Release|Win32
		{362A46B2-2D53-47B5-8945-8384A171DB22}.Debug|x64.ActiveCfg = Debug|x64
		{362A46B2-2D53-47B5-8945-8384A171DB22}.Debug|x64.Build.0 = Debug|x64
		{362A46B2-2D53-47B5-8945-8384A171DB22}.Debug|x86.ActiveCfg = Debug|Win32
		{362A46B2-2D53-47B5-8945-8384A171DB22}.Debug|x86.Build.0 = Debug|Win32
		{362A46B2-2D53-47B5-8945-8384A171DB22}.Release|x64.ActiveCfg = Release|x64
		{362A46B2-2D53-47B5-8945-8384A171DB22}.Release|x64.Build.0 = Release|x64
		{362A46B2-2D53-47B5-8945-8384A171DB22}.Release|x86.ActiveCfg = Release|Win32
		{362A46B2-2D53-47B5-8945-8384A171DB22}.Release|x86.Build.0 = Release|Win32
		{BE69E929-BCF9-4A1A-AE1B-794805944ADC}.Debug|x64.ActiveCfg = Debug|x64
		{BE69E929-BCF9-4A1A-AE1B-794805944ADC}.Debug|x64.Build.0 = Debug|x64
		{BE69E929-BCF9-4A1A-AE1B-794805944ADC}.Debug|x86.ActiveCfg = Debug|Win32
		{BE69E929-BCF9-4A1A-AE1B-794805944ADC}.Debug|x86.Build.0 = Debug|Win32
		{BE69E929-BCF9-4A1A-AE1B-794805944ADC}.Release|x64.ActiveCfg = Release|x64
		{BE69E929-BCF9-4A1A-AE1B-794805944ADC}.Release|x64.Build.0 = Release|x64
		{BE69E929-BCF9-4A1A-AE1B-794805944ADC}.Release|x86.ActiveCfg = Release|Win32
		{BE69E929-BCF9-4A1A-AE1B-794805944ADC}.Release|x86.Build.0 = Release|Win32
		{C88293BB-A30A-4C8D-A1F1-3D08E7E46125}.Debug|x64.ActiveCfg = Debug|x64
		{C88293BB-A30A-4C8D-A1F1-3D08E7E46125}.Debug|x64.Build.0 = Debug|x64
		{C88293BB-A30A-4C8D-A1F1-3D08E7E46125}.Debug|x86.ActiveCfg = Debug|Win32
		{C88293BB-A30A-4C8D-A1F1-3D08E7E46125}.Debug|x86.Build.0 = Debug|Win32
		{C88293BB-A30A-4C8D-A1F1-3D08E7E46125}.Release|x64.ActiveCfg = Release|x64
		{C88293BB-A30A-4C8D-A1F1-3D08E7E46125}.Release|x64.Build.0 = Release|x64
		{C88293BB-A30A-4C8D-A1F1-3D08E7E46125}.Release|x86.ActiveCfg = Release|Win32
		{C88293BB-A30A-4C8D-A1F1-3D08E7E46125}.Release|x86.Build.0 = Release|Win32
		{0DF353FC-A964-4738-932F-A4CD125EEDA5}.Debug|x64.ActiveCfg = Debug|x64
		{0DF353FC-A964-4738-932F-A4CD125EEDA5}.Debug|x64.Build.0 = Debug|x64
		{0DF353FC-A964-4738-932F-A4CD125EEDA5}.Debug|x86.ActiveCfg = Debug|Win32
		{0DF353FC-A964-4738-932F-A4CD125EEDA5}.Debug|x86.Build.0 = Debug|Win32
		{0DF353FC-A964-4738-932F-A4CD125EEDA5}.Release|x64.ActiveCfg = Release|x64
		{0DF353FC-A964-4738-932F-A4CD125EEDA5}.Release|x64.Build.0 = Release|x64
		{0DF353FC-A964-4738-932F-A4CD125EEDA5}.Release|x86.ActiveCfg = Release|Win32
		{0DF353FC-A964-4738-932F-A4CD125EEDA5}.Release|x86.Build.0 = Release|Win32
		{B5A62A36-D30C-4ED2-993A-D88DEA524791}.Debug|x64.ActiveCfg = Debug|x64
		{B5A62A36-D30C-4ED2-993A-D88DEA524791}.Debug|x64.Build.0 = Debug|x64
		{B5A62A36-D30C-4ED2-993A-D88DEA524791}.Debug|x86.ActiveCfg = Debug|Win32
		{B5A62A36-D30C-4ED2-993A-D88DEA524791}.Debug|x86.Build.0 = Debug|Win32
		{B5A62A36-D30C-4ED2-993A-D88DEA524791}.Release|x64.ActiveCfg = Release|x64
		{B5A62A36-D30C-4ED2-993A-D88DEA524791}.Release|x64.Build.0 = Release|x64
		{B5A62A36-D30C-4ED2-993A-D88DEA524791}.Release|x86.ActiveCfg = Release|Win32
		{B5A62A36-D30C-4ED2-993A-D88DEA524791}.Release|x86.Build.0 = Release|Win32
		{082EB603-F58D-4A27-9DFA-51CA7B6B2BF8}.Debug|x64.ActiveCfg = Debug|x64
		{082EB603-F58D-4A27-9DFA-51CA7B6B2BF8}.Debug|x64.Build.0 = Debug|x64
		{082EB603-F58D-4A27-9DFA-51CA7B6B2BF8}.Debug|x86.ActiveCfg = Debug|Win32
		{082EB603-F58D-4A27-9DFA-51CA7B6B2BF8}.Debug|x86.Build.0 = Debug|Win32
		{082EB603-F58D-4A27-9DFA-51CA7B6B2BF8}.Release|x64.ActiveCfg = Release|x64
		{082EB603-F58D-4A27-9DFA-51CA7B6B2BF8}.Release|x64.Build.0 = Release|x64
		{082EB603-F58D-4A27-9DFA-51CA7B6B2BF8}.Release|x86.ActiveCfg = Release|Win32
		{082EB603-F58D-4A27-9DFA-51CA7B6B2BF8}.Release|x86.Build.0 = Release|Win32
		{BB91748A-5BCB-4034-A668-87B314737798}.Debug|x64.ActiveCfg = Debug|x64
		{BB91748A-5BCB-4034-A668-87B314737798}.Debug|x64.Build.0 = Debug|x64
		{BB91748A-5BCB-4034-A668-87B314737798}.Debug|x86.ActiveCfg = Debug|Win32
		{BB91748A-5BCB-4034-A668-87B314737798}.Debug|x86.Build.0 = Debug|Win32
		{BB91748A-5BCB-4034-A668-87B314737798}.Release|x64.ActiveCfg = Release|x64
		{BB91748A-5BCB-4034-A668-87B314737798}.Release|x64.Build.0 = Release|x64
		{BB91748A-5BCB-4034-A668-87B314737798}.Release|x86.ActiveCfg = Release|Win32
		{BB91748A-5BCB-4034-A668-87B314737798}.Release|x86.Build.0 = Release|Win32
		{DBF760E8-110B-4795-8E7E-BB9B8FAA47D3}.Debug|x64.ActiveCfg = Debug|x64
		{DBF760E8-110B-4795-8E7E-BB9B8FAA47D3}.Debug|x64.Build.0 = Debug|x64
		{DBF760E8-110B-4795-8E7E-BB9B8FAA47D3}.Debug|x86.ActiveCfg = Debug|Win32
		{DBF760E8-110B-4795-8E7E-BB9B8FAA47D3}.Debug|x86.Build.0 = Debug|Win32
		{DBF760E8-110B-4795-8E7E-BB9B8FAA47D3}.Release|x64.ActiveCfg = Release|x64
		{DBF760E8-110B-4795-8E7E-BB9B8FAA47D3}.Release|x64.Build.0 = Release|x64
		{DBF760E8-110B-4795-8E7E-BB9B8FAA47D3}.Release|x86.ActiveCfg = Release|Win32
		{DBF760E8-110B-4795-8E7E-BB9B8FAA47D3}.Release|x86.Build.0 = Release|Win32
		{B7D1CCD3-5043-4F2C-83BD-79AB49C1AE15}.Debug|x64.ActiveCfg = Debug|x64
		{B7D1CCD3-5043-4F2C-83BD-79AB49C1AE15}.Debug|x64.Build.0 = Debug|x64
		{B7D1CCD3-5043-4F2C-83BD-79AB49C1AE15}.Debug|x86.ActiveCfg = Debug|Win32
		{B7D1CCD3-5043-4F2C-83BD-79AB49C1AE15}.Debug|x86.Build.0 = Debug|Win32
		{B7D1CCD3-5043-4F2C-83BD-79AB49C1AE15}.Release|x64.ActiveCfg = Release|x64
		{B7D1CCD3-5043-4F2C-83BD-79AB49C1AE15}.Release|x64.Build.0 = Release|x64
		{B7D1CCD3-5043-4F2C-83BD-79AB49C1AE15}.Release|x86.ActiveCfg = Release|Win32
		{B7D1CCD3-5043-4F2C-83BD-79AB49C1AE15}.Release|x86.Build.0 = Release|Win32
		{D376D153-59A1-4972-89EA-516C3BBECB47}.Debug|x64.ActiveCfg = Debug|x64
		{D376D153-59A1-4972-89EA-516C3BBECB47}.Debug|x64.Build.0 = Debug|x64
		{D376D153-59A1-4972-89EA-516C3BBECB47}.Debug|x86.ActiveCfg = Debug|Win32
		{D376D153-59A1-4972-89EA-516C3BBECB47}.Debug|x86.Build.0 = Debug|Win32
		{D376D153-59A1-4972-89EA-516C3BBECB47}.Release|x64.ActiveCfg = Release|x64
		{D376D153-59A1-4972-89EA-516C3BBECB47}.Release|x64.Build.0 = Release|x64
		{D376D153-59A1-4972-89EA-516C3BBECB47}.Release|x86.ActiveCfg = Release|Win32
		{D376D153-59A1-4972-89EA-516C3BBECB47}.Release|x86.Build.0 = Release|Win32
		{777A01B7-FDE7-4B7E-A2B8-5FCC0BBC971C}.Debug|x64.ActiveCfg = Debug|x64
		{777A01B7-FDE7-4B7E-A2B8-5FCC0BBC971C}.Debug|x64.Build.0 = Debug|x64
		{777A01B7-FDE7-4B7E-A2B8-5FCC0BBC971C}.Debug|x86.ActiveCfg = Debug|Win32
		{777A01B7-FDE7-4B7E-A2B8-5FCC0BBC971C}.Debug|x86.Build.0 = Debug|Win32
		{777A01B7-FDE7-4B7E-A2B8-5FCC0BBC971C}.Release|x64.ActiveCfg = Release|x64
		{777A01B7-FDE7-4B7E-A2B8-5FCC0BBC971C}.Release|x64.Build.0 = Release|x64
		{777A01B7-FDE7-4B7E-A2B8-5FCC0BBC971C}.Release|x86.ActiveCfg = Release|Win32
		{777A01B7-FDE7-4B7E-A2B8-5FCC0BBC971C}.Release|x86.Build.0 = Release|Win32
	EndGlobalSection
	GlobalSection(SolutionProperties) = preSolution
		HideSolutionNode = FALSE
	EndGlobalSection
	GlobalSection(NestedProjects) = preSolution
		{07BAEE20-FBAA-4B3F-B72F-D42D0C4FCD15} = {3FEA1D3D-564F-47D8-86F9-AD1B2574B686}
		{92157883-1DC3-4C43-924F-6F44D8936AE5} = {3FEA1D3D-564F-47D8-86F9-AD1B2574B686}
		{199B1A32-3760-4A4F-8ED3-B4DD5C188595} = {3FEA1D3D-564F-47D8-86F9-AD1B2574B686}
		{20ACAF7C-B0F7-4284-931B-0DE0718BF25B} = {3FEA1D3D-564F-47D8-86F9-AD1B2574B686}
		{6298E432-0A98-46C9-811F-E960851A5FE4} = {3FEA1D3D-564F-47D8-86F9-AD1B2574B686}
		{D2E9993F-6063-4B05-AF54-FFD9CEE3A223} = {3FEA1D3D-564F-47D8-86F9-AD1B2574B686}
		{D0972058-BE60-4C17-B524-78FD2DD305E7} = {3FEA1D3D-564F-47D8-86F9-AD1B2574B686}
		{F3EF97EC-9D5E-45A5-89A6-73BA6F29EB92} = {3FEA1D3D-564F-47D8-86F9-AD1B2574B686}
		{A376F875-B3CA-42F3-9168-FBF128F5283E} = {A3A9AF11-02E1-4CB2-B74B-663475C1999B}
		{9A7716D7-484B-497C-A9F7-F052341C2776} = {A3A9AF11-02E1-4CB2-B74B-663475C1999B}
		{EBF1827C-12B8-41C1-BC68-428568909677} = {A3A9AF11-02E1-4CB2-B74B-663475C1999B}
		{0A8D6BBF-A9CB-4918-AB27-D4DFE6C298DA} = {A3A9AF11-02E1-4CB2-B74B-663475C1999B}
		{472563EE-3ACD-45B3-9CA0-F0B218F42C9B} = {A3A9AF11-02E1-4CB2-B74B-663475C1999B}
		{986C2BED-7F98-4B95-9541-1B2C45C44B03} = {002BFB0D-E05F-4467-A2D7-5F11C7058099}
		{8762EB53-2EF4-49FB-B4BA-F053E40288A5} = {002BFB0D-E05F-4467-A2D7-5F11C7058099}
		{0C4C1279-7E97-4DE4-A0E3-6030AA16E34F} = {002BFB0D-E05F-4467-A2D7-5F11C7058099}
		{92A14540-3CFC-45DD-8A88-EEFA281C7F6E} = {002BFB0D-E05F-4467-A2D7-5F11C7058099}
		{F43E3B93-CBDE-48DA-B040-4A028F563A80} = {002BFB0D-E05F-4467-A2D7-5F11C7058099}
		{B5645FFB-5817-4F74-9890-B108D218314E} = {002BFB0D-E05F-4467-A2D7-5F11C7058099}
		{F28B81B8-9A87-4E49-8E03-0BE8F0F05897} = {ACEB6E73-1A1C-4907-A2DA-7644EF1C6762}
		{89167C99-A240-4F9D-A2BB-4CA8A04BBE1D} = {ACEB6E73-1A1C-4907-A2DA-7644EF1C6762}
		{4A358AE7-E532-4BBC-B755-D27F615F5271} = {ACEB6E73-1A1C-4907-A2DA-7644EF1C6762}
		{B2E272BD-3A19-44F9-98A0-8E9E676A3666} = {76C4FB60-16FD-4EE3-979F-F9193F420B61}
		{1FA0E377-6E1E-4704-997C-4C18EC90564B} = {76C4FB60-16FD-4EE3-979F-F9193F420B61}
		{F8DE634E-9C27-40A9-96B3-CD837F9C45D7} = {76C4FB60-16FD-4EE3-979F-F9193F420B61}
		{31FC763B-56AE-4F48-A36E-96AB8C147F3D} = {76C4FB60-16FD-4EE3-979F-F9193F420B61}
		{7DDE6C55-9FA8-4056-BF77-E02FBB0B6D5F} = {FA1DE7E2-674E-4525-BED6-27B2F2A4F94A}
		{8D780622-2166-42C6-AE5C-EE48AF10248C} = {FA1DE7E2-674E-4525-BED6-27B2F2A4F94A}
		{F1AE3D4F-3BEA-49A4-AD9A-1F0751FF4FEB} = {FA1DE7E2-674E-4525-BED6-27B2F2A4F94A}
		{1129D05D-E047-4233-82F9-CB6EC0D530D4} = {FA1DE7E2-674E-4525-BED6-27B2F2A4F94A}
		{13E1F026-0222-42A3-B8FE-59F54D14D5D2} = {DA60CD31-260C-4F55-9D68-2D6AC72A9511}
		{8093EC73-E78A-4EB7-8609-93DE2BBCA187} = {DA60CD31-260C-4F55-9D68-2D6AC72A9511}
		{BECF0351-7C66-4F5E-AEA5-E21504B69D64} = {DA60CD31-260C-4F55-9D68-2D6AC72A9511}
		{3F9E06E0-B70C-45AB-BF70-16E262EADC2D} = {33CBBF0C-9918-4F13-BD85-39380AE05225}
		{2FB0133D-4525-4F44-94EC-63843A8A243A} = {33CBBF0C-9918-4F13-BD85-39380AE05225}
		{5B90F930-4C7E-460F-9AFF-65443D49A281} = {0FBC91D3-8766-4027-B413-521A46A41B7E}
		{362A46B2-2D53-47B5-8945-8384A171DB22} = {0FBC91D3-8766-4027-B413-521A46A41B7E}
		{BE69E929-BCF9-4A1A-AE1B-794805944ADC} = {6D6BCDFC-DD4E-47D2-9104-4C0E9686AFDA}
		{C88293BB-A30A-4C8D-A1F1-3D08E7E46125} = {6D6BCDFC-DD4E-47D2-9104-4C0E9686AFDA}
		{0DF353FC-A964-4738-932F-A4CD125EEDA5} = {6D6BCDFC-DD4E-47D2-9104-4C0E9686AFDA}
		{B5A62A36-D30C-4ED2-993A-D88DEA524791} = {6D6BCDFC-DD4E-47D2-9104-4C0E9686AFDA}
		{082EB603-F58D-4A27-9DFA-51CA7B6B2BF8} = {D0BC7FEC-66D5-42B6-BCD6-9A587CB6E9CE}
		{BB91748A-5BCB-4034-A668-87B314737798} = {D0BC7FEC-66D5-42B6-BCD6-9A587CB6E9CE}
		{DBF760E8-110B-4795-8E7E-BB9B8FAA47D3} = {D0BC7FEC-66D5-42B6-BCD6-9A587CB6E9CE}
		{B7D1CCD3-5043-4F2C-83BD-79AB49C1AE15} = {BD1B5D11-C671-4BA9-80BF-D57C0B0296B4}
		{D376D153-59A1-4972-89EA-516C3BBECB47} = {BD1B5D11-C671-4BA9-80BF-D57C0B0296B4}
		{777A01B7-FDE7-4B7E-A2B8-5FCC0BBC971C} = {6D6BCDFC-DD4E-47D2-9104-4C0E9686AFDA}
	EndGlobalSection
	GlobalSection(ExtensibilityGlobals) = postSolution
		SolutionGuid = {3AB1158A-C979-4ED3-B733-0E3D7B4FC727}
	EndGlobalSection
EndGlobal
