
Microsoft Visual Studio Solution File, Format Version 12.00
# Visual Studio Version 17
VisualStudioVersion = 17.7.34003.232
MinimumVisualStudioVersion = 10.0.40219.1
Project("{8BC9CEB8-8B4A-11D0-8D11-00A0C91BC942}") = "Ex0101_Swap", "Ex0101_Swap\Ex0101_Swap.vcxproj", "{07BAEE20-FBAA-4B3F-B72F-D42D0C4FCD15}"
EndProject
Project("{8BC9CEB8-8B4A-11D0-8D11-00A0C91BC942}") = "Ex0102_SelectionSort", "Ex0102_SelectionSort\Ex0102_SelectionSort.vcxproj", "{92157883-1DC3-4C43-924F-6F44D8936AE5}"
EndProject
Project("{8BC9CEB8-8B4A-11D0-8D11-00A0C91BC942}") = "Ex0103_BubbleSort", "Ex0103_BubbleSort\Ex0103_BubbleSort.vcxproj", "{199B1A32-3760-4A4F-8ED3-B4DD5C188595}"
EndProject
Project("{8BC9CEB8-8B4A-11D0-8D11-00A0C91BC942}") = "Ex0104_InsertionSort", "Ex0104_InsertionSort\Ex0104_InsertionSort.vcxproj", "{20ACAF7C-B0F7-4284-931B-0DE0718BF25B}"
EndProject
Project("{8BC9CEB8-8B4A-11D0-8D11-00A0C91BC942}") = "Ex0105_SequentialSearch", "Ex0105_SequentialSearch\Ex0105_SequentialSearch.vcxproj", "{6298E432-0A98-46C9-811F-E960851A5FE4}"
EndProject
Project("{8BC9CEB8-8B4A-11D0-8D11-00A0C91BC942}") = "Ex0106_StringCompression", "Ex0106_StringCompression\Ex0106_StringCompression.vcxproj", "{D2E9993F-6063-4B05-AF54-FFD9CEE3A223}"
EndProject
Project("{8BC9CEB8-8B4A-11D0-8D11-00A0C91BC942}") = "Ex0107_BinarySearch", "Ex0107_BinarySearch\Ex0107_BinarySearch.vcxproj", "{D0972058-BE60-4C17-B524-78FD2DD305E7}"
EndProject
Project("{8BC9CEB8-8B4A-11D0-8D11-00A0C91BC942}") = "Ex0108_PerformanceMeasurement", "Ex0108_PerformanceMeasurement\Ex0108_PerformanceMeasurement.vcxproj", "{F3EF97EC-9D5E-45A5-89A6-73BA6F29EB92}"
EndProject
Project("{8BC9CEB8-8B4A-11D0-8D11-00A0C91BC942}") = "Ex0201_Recursion", "Ex0201_Recursion\Ex0201_Recursion.vcxproj", "{A376F875-B3CA-42F3-9168-FBF128F5283E}"
EndProject
Project("{8BC9CEB8-8B4A-11D0-8D11-00A0C91BC942}") = "Ex0202_RecursiveSum", "Ex0202_RecursiveSum\Ex0202_RecursiveSum.vcxproj", "{9A7716D7-484B-497C-A9F7-F052341C2776}"
EndProject
Project("{8BC9CEB8-8B4A-11D0-8D11-00A0C91BC942}") = "Ex0203_Fibonacci", "Ex0203_Fibonacci\Ex0203_Fibonacci.vcxproj", "{EBF1827C-12B8-41C1-BC68-428568909677}"
EndProject
Project("{8BC9CEB8-8B4A-11D0-8D11-00A0C91BC942}") = "Ex0204_RecursiveBinarySearch", "Ex0204_RecursiveBinarySearch\Ex0204_RecursiveBinarySearch.vcxproj", "{0A8D6BBF-A9CB-4918-AB27-D4DFE6C298DA}"
EndProject
Project("{8BC9CEB8-8B4A-11D0-8D11-00A0C91BC942}") = "Ex0205_Permutations", "Ex0205_Permutations\Ex0205_Permutations.vcxproj", "{472563EE-3ACD-45B3-9CA0-F0B218F42C9B}"
EndProject
Global
	GlobalSection(SolutionConfigurationPlatforms) = preSolution
		Debug|x64 = Debug|x64
		Debug|x86 = Debug|x86
		Release|x64 = Release|x64
		Release|x86 = Release|x86
	EndGlobalSection
	GlobalSection(ProjectConfigurationPlatforms) = postSolution
		{07BAEE20-FBAA-4B3F-B72F-D42D0C4FCD15}.Debug|x64.ActiveCfg = Debug|x64
		{07BAEE20-FBAA-4B3F-B72F-D42D0C4FCD15}.Debug|x64.Build.0 = Debug|x64
		{07BAEE20-FBAA-4B3F-B72F-D42D0C4FCD15}.Debug|x86.ActiveCfg = Debug|Win32
		{07BAEE20-FBAA-4B3F-B72F-D42D0C4FCD15}.Debug|x86.Build.0 = Debug|Win32
		{07BAEE20-FBAA-4B3F-B72F-D42D0C4FCD15}.Release|x64.ActiveCfg = Release|x64
		{07BAEE20-FBAA-4B3F-B72F-D42D0C4FCD15}.Release|x64.Build.0 = Release|x64
		{07BAEE20-FBAA-4B3F-B72F-D42D0C4FCD15}.Release|x86.ActiveCfg = Release|Win32
		{07BAEE20-FBAA-4B3F-B72F-D42D0C4FCD15}.Release|x86.Build.0 = Release|Win32
		{92157883-1DC3-4C43-924F-6F44D8936AE5}.Debug|x64.ActiveCfg = Debug|x64
		{92157883-1DC3-4C43-924F-6F44D8936AE5}.Debug|x64.Build.0 = Debug|x64
		{92157883-1DC3-4C43-924F-6F44D8936AE5}.Debug|x86.ActiveCfg = Debug|Win32
		{92157883-1DC3-4C43-924F-6F44D8936AE5}.Debug|x86.Build.0 = Debug|Win32
		{92157883-1DC3-4C43-924F-6F44D8936AE5}.Release|x64.ActiveCfg = Release|x64
		{92157883-1DC3-4C43-924F-6F44D8936AE5}.Release|x64.Build.0 = Release|x64
		{92157883-1DC3-4C43-924F-6F44D8936AE5}.Release|x86.ActiveCfg = Release|Win32
		{92157883-1DC3-4C43-924F-6F44D8936AE5}.Release|x86.Build.0 = Release|Win32
		{199B1A32-3760-4A4F-8ED3-B4DD5C188595}.Debug|x64.ActiveCfg = Debug|x64
		{199B1A32-3760-4A4F-8ED3-B4DD5C188595}.Debug|x64.Build.0 = Debug|x64
		{199B1A32-3760-4A4F-8ED3-B4DD5C188595}.Debug|x86.ActiveCfg = Debug|Win32
		{199B1A32-3760-4A4F-8ED3-B4DD5C188595}.Debug|x86.Build.0 = Debug|Win32
		{199B1A32-3760-4A4F-8ED3-B4DD5C188595}.Release|x64.ActiveCfg = Release|x64
		{199B1A32-3760-4A4F-8ED3-B4DD5C188595}.Release|x64.Build.0 = Release|x64
		{199B1A32-3760-4A4F-8ED3-B4DD5C188595}.Release|x86.ActiveCfg = Release|Win32
		{199B1A32-3760-4A4F-8ED3-B4DD5C188595}.Release|x86.Build.0 = Release|Win32
		{20ACAF7C-B0F7-4284-931B-0DE0718BF25B}.Debug|x64.ActiveCfg = Debug|x64
		{20ACAF7C-B0F7-4284-931B-0DE0718BF25B}.Debug|x64.Build.0 = Debug|x64
		{20ACAF7C-B0F7-4284-931B-0DE0718BF25B}.Debug|x86.ActiveCfg = Debug|Win32
		{20ACAF7C-B0F7-4284-931B-0DE0718BF25B}.Debug|x86.Build.0 = Debug|Win32
		{20ACAF7C-B0F7-4284-931B-0DE0718BF25B}.Release|x64.ActiveCfg = Release|x64
		{20ACAF7C-B0F7-4284-931B-0DE0718BF25B}.Release|x64.Build.0 = Release|x64
		{20ACAF7C-B0F7-4284-931B-0DE0718BF25B}.Release|x86.ActiveCfg = Release|Win32
		{20ACAF7C-B0F7-4284-931B-0DE0718BF25B}.Release|x86.Build.0 = Release|Win32
		{6298E432-0A98-46C9-811F-E960851A5FE4}.Debug|x64.ActiveCfg = Debug|x64
		{6298E432-0A98-46C9-811F-E960851A5FE4}.Debug|x64.Build.0 = Debug|x64
		{6298E432-0A98-46C9-811F-E960851A5FE4}.Debug|x86.ActiveCfg = Debug|Win32
		{6298E432-0A98-46C9-811F-E960851A5FE4}.Debug|x86.Build.0 = Debug|Win32
		{6298E432-0A98-46C9-811F-E960851A5FE4}.Release|x64.ActiveCfg = Release|x64
		{6298E432-0A98-46C9-811F-E960851A5FE4}.Release|x64.Build.0 = Release|x64
		{6298E432-0A98-46C9-811F-E960851A5FE4}.Release|x86.ActiveCfg = Release|Win32
		{6298E432-0A98-46C9-811F-E960851A5FE4}.Release|x86.Build.0 = Release|Win32
		{D2E9993F-6063-4B05-AF54-FFD9CEE3A223}.Debug|x64.ActiveCfg = Debug|x64
		{D2E9993F-6063-4B05-AF54-FFD9CEE3A223}.Debug|x64.Build.0 = Debug|x64
		{D2E9993F-6063-4B05-AF54-FFD9CEE3A223}.Debug|x86.ActiveCfg = Debug|Win32
		{D2E9993F-6063-4B05-AF54-FFD9CEE3A223}.Debug|x86.Build.0 = Debug|Win32
		{D2E9993F-6063-4B05-AF54-FFD9CEE3A223}.Release|x64.ActiveCfg = Release|x64
		{D2E9993F-6063-4B05-AF54-FFD9CEE3A223}.Release|x64.Build.0 = Release|x64
		{D2E9993F-6063-4B05-AF54-FFD9CEE3A223}.Release|x86.ActiveCfg = Release|Win32
		{D2E9993F-6063-4B05-AF54-FFD9CEE3A223}.Release|x86.Build.0 = Release|Win32
		{D0972058-BE60-4C17-B524-78FD2DD305E7}.Debug|x64.ActiveCfg = Debug|x64
		{D0972058-BE60-4C17-B524-78FD2DD305E7}.Debug|x64.Build.0 = Debug|x64
		{D0972058-BE60-4C17-B524-78FD2DD305E7}.Debug|x86.ActiveCfg = Debug|Win32
		{D0972058-BE60-4C17-B524-78FD2DD305E7}.Debug|x86.Build.0 = Debug|Win32
		{D0972058-BE60-4C17-B524-78FD2DD305E7}.Release|x64.ActiveCfg = Release|x64
		{D0972058-BE60-4C17-B524-78FD2DD305E7}.Release|x64.Build.0 = Release|x64
		{D0972058-BE60-4C17-B524-78FD2DD305E7}.Release|x86.ActiveCfg = Release|Win32
		{D0972058-BE60-4C17-B524-78FD2DD305E7}.Release|x86.Build.0 = Release|Win32
		{F3EF97EC-9D5E-45A5-89A6-73BA6F29EB92}.Debug|x64.ActiveCfg = Debug|x64
		{F3EF97EC-9D5E-45A5-89A6-73BA6F29EB92}.Debug|x64.Build.0 = Debug|x64
		{F3EF97EC-9D5E-45A5-89A6-73BA6F29EB92}.Debug|x86.ActiveCfg = Debug|Win32
		{F3EF97EC-9D5E-45A5-89A6-73BA6F29EB92}.Debug|x86.Build.0 = Debug|Win32
		{F3EF97EC-9D5E-45A5-89A6-73BA6F29EB92}.Release|x64.ActiveCfg = Release|x64
		{F3EF97EC-9D5E-45A5-89A6-73BA6F29EB92}.Release|x64.Build.0 = Release|x64
		{F3EF97EC-9D5E-45A5-89A6-73BA6F29EB92}.Release|x86.ActiveCfg = Release|Win32
		{F3EF97EC-9D5E-45A5-89A6-73BA6F29EB92}.Release|x86.Build.0 = Release|Win32
		{A376F875-B3CA-42F3-9168-FBF128F5283E}.Debug|x64.ActiveCfg = Debug|x64
		{A376F875-B3CA-42F3-9168-FBF128F5283E}.Debug|x64.Build.0 = Debug|x64
		{A376F875-B3CA-42F3-9168-FBF128F5283E}.Debug|x86.ActiveCfg = Debug|Win32
		{A376F875-B3CA-42F3-9168-FBF128F5283E}.Debug|x86.Build.0 = Debug|Win32
		{A376F875-B3CA-42F3-9168-FBF128F5283E}.Release|x64.ActiveCfg = Release|x64
		{A376F875-B3CA-42F3-9168-FBF128F5283E}.Release|x64.Build.0 = Release|x64
		{A376F875-B3CA-42F3-9168-FBF128F5283E}.Release|x86.ActiveCfg = Release|Win32
		{A376F875-B3CA-42F3-9168-FBF128F5283E}.Release|x86.Build.0 = Release|Win32
		{9A7716D7-484B-497C-A9F7-F052341C2776}.Debug|x64.ActiveCfg = Debug|x64
		{9A7716D7-484B-497C-A9F7-F052341C2776}.Debug|x64.Build.0 = Debug|x64
		{9A7716D7-484B-497C-A9F7-F052341C2776}.Debug|x86.ActiveCfg = Debug|Win32
		{9A7716D7-484B-497C-A9F7-F052341C2776}.Debug|x86.Build.0 = Debug|Win32
		{9A7716D7-484B-497C-A9F7-F052341C2776}.Release|x64.ActiveCfg = Release|x64
		{9A7716D7-484B-497C-A9F7-F052341C2776}.Release|x64.Build.0 = Release|x64
		{9A7716D7-484B-497C-A9F7-F052341C2776}.Release|x86.ActiveCfg = Release|Win32
		{9A7716D7-484B-497C-A9F7-F052341C2776}.Release|x86.Build.0 = Release|Win32
		{EBF1827C-12B8-41C1-BC68-428568909677}.Debug|x64.ActiveCfg = Debug|x64
		{EBF1827C-12B8-41C1-BC68-428568909677}.Debug|x64.Build.0 = Debug|x64
		{EBF1827C-12B8-41C1-BC68-428568909677}.Debug|x86.ActiveCfg = Debug|Win32
		{EBF1827C-12B8-41C1-BC68-428568909677}.Debug|x86.Build.0 = Debug|Win32
		{EBF1827C-12B8-41C1-BC68-428568909677}.Release|x64.ActiveCfg = Release|x64
		{EBF1827C-12B8-41C1-BC68-428568909677}.Release|x64.Build.0 = Release|x64
		{EBF1827C-12B8-41C1-BC68-428568909677}.Release|x86.ActiveCfg = Release|Win32
		{EBF1827C-12B8-41C1-BC68-428568909677}.Release|x86.Build.0 = Release|Win32
		{0A8D6BBF-A9CB-4918-AB27-D4DFE6C298DA}.Debug|x64.ActiveCfg = Debug|x64
		{0A8D6BBF-A9CB-4918-AB27-D4DFE6C298DA}.Debug|x64.Build.0 = Debug|x64
		{0A8D6BBF-A9CB-4918-AB27-D4DFE6C298DA}.Debug|x86.ActiveCfg = Debug|Win32
		{0A8D6BBF-A9CB-4918-AB27-D4DFE6C298DA}.Debug|x86.Build.0 = Debug|Win32
		{0A8D6BBF-A9CB-4918-AB27-D4DFE6C298DA}.Release|x64.ActiveCfg = Release|x64
		{0A8D6BBF-A9CB-4918-AB27-D4DFE6C298DA}.Release|x64.Build.0 = Release|x64
		{0A8D6BBF-A9CB-4918-AB27-D4DFE6C298DA}.Release|x86.ActiveCfg = Release|Win32
		{0A8D6BBF-A9CB-4918-AB27-D4DFE6C298DA}.Release|x86.Build.0 = Release|Win32
		{472563EE-3ACD-45B3-9CA0-F0B218F42C9B}.Debug|x64.ActiveCfg = Debug|x64
		{472563EE-3ACD-45B3-9CA0-F0B218F42C9B}.Debug|x64.Build.0 = Debug|x64
		{472563EE-3ACD-45B3-9CA0-F0B218F42C9B}.Debug|x86.ActiveCfg = Debug|Win32
		{472563EE-3ACD-45B3-9CA0-F0B218F42C9B}.Debug|x86.Build.0 = Debug|Win32
		{472563EE-3ACD-45B3-9CA0-F0B218F42C9B}.Release|x64.ActiveCfg = Release|x64
		{472563EE-3ACD-45B3-9CA0-F0B218F42C9B}.Release|x64.Build.0 = Release|x64
		{472563EE-3ACD-45B3-9CA0-F0B218F42C9B}.Release|x86.ActiveCfg = Release|Win32
		{472563EE-3ACD-45B3-9CA0-F0B218F42C9B}.Release|x86.Build.0 = Release|Win32
	EndGlobalSection
	GlobalSection(SolutionProperties) = preSolution
		HideSolutionNode = FALSE
	EndGlobalSection
	GlobalSection(ExtensibilityGlobals) = postSolution
		SolutionGuid = {3AB1158A-C979-4ED3-B733-0E3D7B4FC727}
	EndGlobalSection
EndGlobal
